
Microsoft Visual Studio Solution File, Format Version 12.00
# Visual Studio Version 16
VisualStudioVersion = 16.0.31613.86
MinimumVisualStudioVersion = 10.0.40219.1
Project("{FAE04EC0-301F-11D3-BF4B-00C04F79EFBC}") = "Multimedia Buttons", "Multimedia Buttons\Multimedia Buttons.csproj", "{EC2BAF5A-65DE-4C0E-83A4-F78AC255EAC0}"
EndProject
Global
	GlobalSection(SolutionConfigurationPlatforms) = preSolution
		Debug|Any CPU = Debug|Any CPU
		Release|Any CPU = Release|Any CPU
	EndGlobalSection
	GlobalSection(ProjectConfigurationPlatforms) = postSolution
		{EC2BAF5A-65DE-4C0E-83A4-F78AC255EAC0}.Debug|Any CPU.ActiveCfg = Debug|Any CPU
		{EC2BAF5A-65DE-4C0E-83A4-F78AC255EAC0}.Debug|Any CPU.Build.0 = Debug|Any CPU
		{EC2BAF5A-65DE-4C0E-83A4-F78AC255EAC0}.Release|Any CPU.ActiveCfg = Release|Any CPU
		{EC2BAF5A-65DE-4C0E-83A4-F78AC255EAC0}.Release|Any CPU.Build.0 = Release|Any CPU
	EndGlobalSection
	GlobalSection(SolutionProperties) = preSolution
		HideSolutionNode = FALSE
	EndGlobalSection
	GlobalSection(ExtensibilityGlobals) = postSolution
		SolutionGuid = {C01B5FE3-9519-4310-BDEE-D25EFC96892E}
	EndGlobalSection
EndGlobal
