
Microsoft Visual Studio Solution File, Format Version 12.00
# Visual Studio Version 16
VisualStudioVersion = 16.0.31613.86
MinimumVisualStudioVersion = 10.0.40219.1
Project("{FAE04EC0-301F-11D3-BF4B-00C04F79EFBC}") = "MediaButtons", "WindowsFormsApp1\MediaButtons.csproj", "{719EBF87-E2D3-47E8-B207-FA8D337808BD}"
EndProject
Global
	GlobalSection(SolutionConfigurationPlatforms) = preSolution
		Debug|Any CPU = Debug|Any CPU
		Release|Any CPU = Release|Any CPU
	EndGlobalSection
	GlobalSection(ProjectConfigurationPlatforms) = postSolution
		{719EBF87-E2D3-47E8-B207-FA8D337808BD}.Debug|Any CPU.ActiveCfg = Debug|Any CPU
		{719EBF87-E2D3-47E8-B207-FA8D337808BD}.Debug|Any CPU.Build.0 = Debug|Any CPU
		{719EBF87-E2D3-47E8-B207-FA8D337808BD}.Release|Any CPU.ActiveCfg = Release|Any CPU
		{719EBF87-E2D3-47E8-B207-FA8D337808BD}.Release|Any CPU.Build.0 = Release|Any CPU
	EndGlobalSection
	GlobalSection(SolutionProperties) = preSolution
		HideSolutionNode = FALSE
	EndGlobalSection
	GlobalSection(ExtensibilityGlobals) = postSolution
		SolutionGuid = {6F46EAF2-BFE1-42EB-887A-45554545555E}
	EndGlobalSection
EndGlobal
